// !$*UTF8*$!
{
	archiveVersion = 1;
	classes = {
	};
	objectVersion = 55;
	objects = {

/* Begin PBXBuildFile section */
		0119AE4C28F9EFFA00DA73F8 /* AppDelegate.swift in Sources */ = {isa = PBXBuildFile; fileRef = 0119AE4B28F9EFFA00DA73F8 /* AppDelegate.swift */; };
		0119AE4E28F9EFFA00DA73F8 /* SceneDelegate.swift in Sources */ = {isa = PBXBuildFile; fileRef = 0119AE4D28F9EFFA00DA73F8 /* SceneDelegate.swift */; };
		0119AE5028F9EFFA00DA73F8 /* ViewController.swift in Sources */ = {isa = PBXBuildFile; fileRef = 0119AE4F28F9EFFA00DA73F8 /* ViewController.swift */; };
		0119AE5328F9EFFA00DA73F8 /* Main.storyboard in Resources */ = {isa = PBXBuildFile; fileRef = 0119AE5128F9EFFA00DA73F8 /* Main.storyboard */; };
		0119AE5528F9EFFC00DA73F8 /* Assets.xcassets in Resources */ = {isa = PBXBuildFile; fileRef = 0119AE5428F9EFFC00DA73F8 /* Assets.xcassets */; };
		0119AE5828F9EFFC00DA73F8 /* LaunchScreen.storyboard in Resources */ = {isa = PBXBuildFile; fileRef = 0119AE5628F9EFFC00DA73F8 /* LaunchScreen.storyboard */; };
		0119AE6328F9EFFC00DA73F8 /* practicaArreglosTests.swift in Sources */ = {isa = PBXBuildFile; fileRef = 0119AE6228F9EFFC00DA73F8 /* practicaArreglosTests.swift */; };
		0119AE6D28F9EFFC00DA73F8 /* practicaArreglosUITests.swift in Sources */ = {isa = PBXBuildFile; fileRef = 0119AE6C28F9EFFC00DA73F8 /* practicaArreglosUITests.swift */; };
		0119AE6F28F9EFFC00DA73F8 /* practicaArreglosUITestsLaunchTests.swift in Sources */ = {isa = PBXBuildFile; fileRef = 0119AE6E28F9EFFC00DA73F8 /* practicaArreglosUITestsLaunchTests.swift */; };
/* End PBXBuildFile section */

/* Begin PBXContainerItemProxy section */
		0119AE5F28F9EFFC00DA73F8 /* PBXContainerItemProxy */ = {
			isa = PBXContainerItemProxy;
			containerPortal = 0119AE4028F9EFFA00DA73F8 /* Project object */;
			proxyType = 1;
			remoteGlobalIDString = 0119AE4728F9EFFA00DA73F8;
			remoteInfo = practicaArreglos;
		};
		0119AE6928F9EFFC00DA73F8 /* PBXContainerItemProxy */ = {
			isa = PBXContainerItemProxy;
			containerPortal = 0119AE4028F9EFFA00DA73F8 /* Project object */;
			proxyType = 1;
			remoteGlobalIDString = 0119AE4728F9EFFA00DA73F8;
			remoteInfo = practicaArreglos;
		};
/* End PBXContainerItemProxy section */

/* Begin PBXFileReference section */
		0119AE4828F9EFFA00DA73F8 /* practicaArreglos.app */ = {isa = PBXFileReference; explicitFileType = wrapper.application; includeInIndex = 0; path = practicaArreglos.app; sourceTree = BUILT_PRODUCTS_DIR; };
		0119AE4B28F9EFFA00DA73F8 /* AppDelegate.swift */ = {isa = PBXFileReference; lastKnownFileType = sourcecode.swift; path = AppDelegate.swift; sourceTree = "<group>"; };
		0119AE4D28F9EFFA00DA73F8 /* SceneDelegate.swift */ = {isa = PBXFileReference; lastKnownFileType = sourcecode.swift; path = SceneDelegate.swift; sourceTree = "<group>"; };
		0119AE4F28F9EFFA00DA73F8 /* ViewController.swift */ = {isa = PBXFileReference; lastKnownFileType = sourcecode.swift; path = ViewController.swift; sourceTree = "<group>"; };
		0119AE5228F9EFFA00DA73F8 /* Base */ = {isa = PBXFileReference; lastKnownFileType = file.storyboard; name = Base; path = Base.lproj/Main.storyboard; sourceTree = "<group>"; };
		0119AE5428F9EFFC00DA73F8 /* Assets.xcassets */ = {isa = PBXFileReference; lastKnownFileType = folder.assetcatalog; path = Assets.xcassets; sourceTree = "<group>"; };
		0119AE5728F9EFFC00DA73F8 /* Base */ = {isa = PBXFileReference; lastKnownFileType = file.storyboard; name = Base; path = Base.lproj/LaunchScreen.storyboard; sourceTree = "<group>"; };
		0119AE5928F9EFFC00DA73F8 /* Info.plist */ = {isa = PBXFileReference; lastKnownFileType = text.plist.xml; path = Info.plist; sourceTree = "<group>"; };
		0119AE5E28F9EFFC00DA73F8 /* practicaArreglosTests.xctest */ = {isa = PBXFileReference; explicitFileType = wrapper.cfbundle; includeInIndex = 0; path = practicaArreglosTests.xctest; sourceTree = BUILT_PRODUCTS_DIR; };
		0119AE6228F9EFFC00DA73F8 /* practicaArreglosTests.swift */ = {isa = PBXFileReference; lastKnownFileType = sourcecode.swift; path = practicaArreglosTests.swift; sourceTree = "<group>"; };
		0119AE6828F9EFFC00DA73F8 /* practicaArreglosUITests.xctest */ = {isa = PBXFileReference; explicitFileType = wrapper.cfbundle; includeInIndex = 0; path = practicaArreglosUITests.xctest; sourceTree = BUILT_PRODUCTS_DIR; };
		0119AE6C28F9EFFC00DA73F8 /* practicaArreglosUITests.swift */ = {isa = PBXFileReference; lastKnownFileType = sourcecode.swift; path = practicaArreglosUITests.swift; sourceTree = "<group>"; };
		0119AE6E28F9EFFC00DA73F8 /* practicaArreglosUITestsLaunchTests.swift */ = {isa = PBXFileReference; lastKnownFileType = sourcecode.swift; path = practicaArreglosUITestsLaunchTests.swift; sourceTree = "<group>"; };
/* End PBXFileReference section */

/* Begin PBXFrameworksBuildPhase section */
		0119AE4528F9EFFA00DA73F8 /* Frameworks */ = {
			isa = PBXFrameworksBuildPhase;
			buildActionMask = 2147483647;
			files = (
			);
			runOnlyForDeploymentPostprocessing = 0;
		};
		0119AE5B28F9EFFC00DA73F8 /* Frameworks */ = {
			isa = PBXFrameworksBuildPhase;
			buildActionMask = 2147483647;
			files = (
			);
			runOnlyForDeploymentPostprocessing = 0;
		};
		0119AE6528F9EFFC00DA73F8 /* Frameworks */ = {
			isa = PBXFrameworksBuildPhase;
			buildActionMask = 2147483647;
			files = (
			);
			runOnlyForDeploymentPostprocessing = 0;
		};
/* End PBXFrameworksBuildPhase section */

/* Begin PBXGroup section */
		0119AE3F28F9EFFA00DA73F8 = {
			isa = PBXGroup;
			children = (
				0119AE4A28F9EFFA00DA73F8 /* practicaArreglos */,
				0119AE6128F9EFFC00DA73F8 /* practicaArreglosTests */,
				0119AE6B28F9EFFC00DA73F8 /* practicaArreglosUITests */,
				0119AE4928F9EFFA00DA73F8 /* Products */,
			);
			sourceTree = "<group>";
		};
		0119AE4928F9EFFA00DA73F8 /* Products */ = {
			isa = PBXGroup;
			children = (
				0119AE4828F9EFFA00DA73F8 /* practicaArreglos.app */,
				0119AE5E28F9EFFC00DA73F8 /* practicaArreglosTests.xctest */,
				0119AE6828F9EFFC00DA73F8 /* practicaArreglosUITests.xctest */,
			);
			name = Products;
			sourceTree = "<group>";
		};
		0119AE4A28F9EFFA00DA73F8 /* practicaArreglos */ = {
			isa = PBXGroup;
			children = (
				0119AE4B28F9EFFA00DA73F8 /* AppDelegate.swift */,
				0119AE4D28F9EFFA00DA73F8 /* SceneDelegate.swift */,
				0119AE4F28F9EFFA00DA73F8 /* ViewController.swift */,
				0119AE5128F9EFFA00DA73F8 /* Main.storyboard */,
				0119AE5428F9EFFC00DA73F8 /* Assets.xcassets */,
				0119AE5628F9EFFC00DA73F8 /* LaunchScreen.storyboard */,
				0119AE5928F9EFFC00DA73F8 /* Info.plist */,
			);
			path = practicaArreglos;
			sourceTree = "<group>";
		};
		0119AE6128F9EFFC00DA73F8 /* practicaArreglosTests */ = {
			isa = PBXGroup;
			children = (
				0119AE6228F9EFFC00DA73F8 /* practicaArreglosTests.swift */,
			);
			path = practicaArreglosTests;
			sourceTree = "<group>";
		};
		0119AE6B28F9EFFC00DA73F8 /* practicaArreglosUITests */ = {
			isa = PBXGroup;
			children = (
				0119AE6C28F9EFFC00DA73F8 /* practicaArreglosUITests.swift */,
				0119AE6E28F9EFFC00DA73F8 /* practicaArreglosUITestsLaunchTests.swift */,
			);
			path = practicaArreglosUITests;
			sourceTree = "<group>";
		};
/* End PBXGroup section */

/* Begin PBXNativeTarget section */
		0119AE4728F9EFFA00DA73F8 /* practicaArreglos */ = {
			isa = PBXNativeTarget;
			buildConfigurationList = 0119AE7228F9EFFC00DA73F8 /* Build configuration list for PBXNativeTarget "practicaArreglos" */;
			buildPhases = (
				0119AE4428F9EFFA00DA73F8 /* Sources */,
				0119AE4528F9EFFA00DA73F8 /* Frameworks */,
				0119AE4628F9EFFA00DA73F8 /* Resources */,
			);
			buildRules = (
			);
			dependencies = (
			);
			name = practicaArreglos;
			productName = practicaArreglos;
			productReference = 0119AE4828F9EFFA00DA73F8 /* practicaArreglos.app */;
			productType = "com.apple.product-type.application";
		};
		0119AE5D28F9EFFC00DA73F8 /* practicaArreglosTests */ = {
			isa = PBXNativeTarget;
			buildConfigurationList = 0119AE7528F9EFFC00DA73F8 /* Build configuration list for PBXNativeTarget "practicaArreglosTests" */;
			buildPhases = (
				0119AE5A28F9EFFC00DA73F8 /* Sources */,
				0119AE5B28F9EFFC00DA73F8 /* Frameworks */,
				0119AE5C28F9EFFC00DA73F8 /* Resources */,
			);
			buildRules = (
			);
			dependencies = (
				0119AE6028F9EFFC00DA73F8 /* PBXTargetDependency */,
			);
			name = practicaArreglosTests;
			productName = practicaArreglosTests;
			productReference = 0119AE5E28F9EFFC00DA73F8 /* practicaArreglosTests.xctest */;
			productType = "com.apple.product-type.bundle.unit-test";
		};
		0119AE6728F9EFFC00DA73F8 /* practicaArreglosUITests */ = {
			isa = PBXNativeTarget;
			buildConfigurationList = 0119AE7828F9EFFC00DA73F8 /* Build configuration list for PBXNativeTarget "practicaArreglosUITests" */;
			buildPhases = (
				0119AE6428F9EFFC00DA73F8 /* Sources */,
				0119AE6528F9EFFC00DA73F8 /* Frameworks */,
				0119AE6628F9EFFC00DA73F8 /* Resources */,
			);
			buildRules = (
			);
			dependencies = (
				0119AE6A28F9EFFC00DA73F8 /* PBXTargetDependency */,
			);
			name = practicaArreglosUITests;
			productName = practicaArreglosUITests;
			productReference = 0119AE6828F9EFFC00DA73F8 /* practicaArreglosUITests.xctest */;
			productType = "com.apple.product-type.bundle.ui-testing";
		};
/* End PBXNativeTarget section */

/* Begin PBXProject section */
		0119AE4028F9EFFA00DA73F8 /* Project object */ = {
			isa = PBXProject;
			attributes = {
				BuildIndependentTargetsInParallel = 1;
				LastSwiftUpdateCheck = 1340;
				LastUpgradeCheck = 1340;
				TargetAttributes = {
					0119AE4728F9EFFA00DA73F8 = {
						CreatedOnToolsVersion = 13.4.1;
					};
					0119AE5D28F9EFFC00DA73F8 = {
						CreatedOnToolsVersion = 13.4.1;
						TestTargetID = 0119AE4728F9EFFA00DA73F8;
					};
					0119AE6728F9EFFC00DA73F8 = {
						CreatedOnToolsVersion = 13.4.1;
						TestTargetID = 0119AE4728F9EFFA00DA73F8;
					};
				};
			};
			buildConfigurationList = 0119AE4328F9EFFA00DA73F8 /* Build configuration list for PBXProject "practicaArreglos" */;
			compatibilityVersion = "Xcode 13.0";
			developmentRegion = en;
			hasScannedForEncodings = 0;
			knownRegions = (
				en,
				Base,
			);
			mainGroup = 0119AE3F28F9EFFA00DA73F8;
			productRefGroup = 0119AE4928F9EFFA00DA73F8 /* Products */;
			projectDirPath = "";
			projectRoot = "";
			targets = (
				0119AE4728F9EFFA00DA73F8 /* practicaArreglos */,
				0119AE5D28F9EFFC00DA73F8 /* practicaArreglosTests */,
				0119AE6728F9EFFC00DA73F8 /* practicaArreglosUITests */,
			);
		};
/* End PBXProject section */

/* Begin PBXResourcesBuildPhase section */
		0119AE4628F9EFFA00DA73F8 /* Resources */ = {
			isa = PBXResourcesBuildPhase;
			buildActionMask = 2147483647;
			files = (
				0119AE5828F9EFFC00DA73F8 /* LaunchScreen.storyboard in Resources */,
				0119AE5528F9EFFC00DA73F8 /* Assets.xcassets in Resources */,
				0119AE5328F9EFFA00DA73F8 /* Main.storyboard in Resources */,
			);
			runOnlyForDeploymentPostprocessing = 0;
		};
		0119AE5C28F9EFFC00DA73F8 /* Resources */ = {
			isa = PBXResourcesBuildPhase;
			buildActionMask = 2147483647;
			files = (
			);
			runOnlyForDeploymentPostprocessing = 0;
		};
		0119AE6628F9EFFC00DA73F8 /* Resources */ = {
			isa = PBXResourcesBuildPhase;
			buildActionMask = 2147483647;
			files = (
			);
			runOnlyForDeploymentPostprocessing = 0;
		};
/* End PBXResourcesBuildPhase section */

/* Begin PBXSourcesBuildPhase section */
		0119AE4428F9EFFA00DA73F8 /* Sources */ = {
			isa = PBXSourcesBuildPhase;
			buildActionMask = 2147483647;
			files = (
				0119AE5028F9EFFA00DA73F8 /* ViewController.swift in Sources */,
				0119AE4C28F9EFFA00DA73F8 /* AppDelegate.swift in Sources */,
				0119AE4E28F9EFFA00DA73F8 /* SceneDelegate.swift in Sources */,
			);
			runOnlyForDeploymentPostprocessing = 0;
		};
		0119AE5A28F9EFFC00DA73F8 /* Sources */ = {
			isa = PBXSourcesBuildPhase;
			buildActionMask = 2147483647;
			files = (
				0119AE6328F9EFFC00DA73F8 /* practicaArreglosTests.swift in Sources */,
			);
			runOnlyForDeploymentPostprocessing = 0;
		};
		0119AE6428F9EFFC00DA73F8 /* Sources */ = {
			isa = PBXSourcesBuildPhase;
			buildActionMask = 2147483647;
			files = (
				0119AE6F28F9EFFC00DA73F8 /* practicaArreglosUITestsLaunchTests.swift in Sources */,
				0119AE6D28F9EFFC00DA73F8 /* practicaArreglosUITests.swift in Sources */,
			);
			runOnlyForDeploymentPostprocessing = 0;
		};
/* End PBXSourcesBuildPhase section */

/* Begin PBXTargetDependency section */
		0119AE6028F9EFFC00DA73F8 /* PBXTargetDependency */ = {
			isa = PBXTargetDependency;
			target = 0119AE4728F9EFFA00DA73F8 /* practicaArreglos */;
			targetProxy = 0119AE5F28F9EFFC00DA73F8 /* PBXContainerItemProxy */;
		};
		0119AE6A28F9EFFC00DA73F8 /* PBXTargetDependency */ = {
			isa = PBXTargetDependency;
			target = 0119AE4728F9EFFA00DA73F8 /* practicaArreglos */;
			targetProxy = 0119AE6928F9EFFC00DA73F8 /* PBXContainerItemProxy */;
		};
/* End PBXTargetDependency section */

/* Begin PBXVariantGroup section */
		0119AE5128F9EFFA00DA73F8 /* Main.storyboard */ = {
			isa = PBXVariantGroup;
			children = (
				0119AE5228F9EFFA00DA73F8 /* Base */,
			);
			name = Main.storyboard;
			sourceTree = "<group>";
		};
		0119AE5628F9EFFC00DA73F8 /* LaunchScreen.storyboard */ = {
			isa = PBXVariantGroup;
			children = (
				0119AE5728F9EFFC00DA73F8 /* Base */,
			);
			name = LaunchScreen.storyboard;
			sourceTree = "<group>";
		};
/* End PBXVariantGroup section */

/* Begin XCBuildConfiguration section */
		0119AE7028F9EFFC00DA73F8 /* Debug */ = {
			isa = XCBuildConfiguration;
			buildSettings = {
				ALWAYS_SEARCH_USER_PATHS = NO;
				CLANG_ANALYZER_NONNULL = YES;
				CLANG_ANALYZER_NUMBER_OBJECT_CONVERSION = YES_AGGRESSIVE;
				CLANG_CXX_LANGUAGE_STANDARD = "gnu++17";
				CLANG_ENABLE_MODULES = YES;
				CLANG_ENABLE_OBJC_ARC = YES;
				CLANG_ENABLE_OBJC_WEAK = YES;
				CLANG_WARN_BLOCK_CAPTURE_AUTORELEASING = YES;
				CLANG_WARN_BOOL_CONVERSION = YES;
				CLANG_WARN_COMMA = YES;
				CLANG_WARN_CONSTANT_CONVERSION = YES;
				CLANG_WARN_DEPRECATED_OBJC_IMPLEMENTATIONS = YES;
				CLANG_WARN_DIRECT_OBJC_ISA_USAGE = YES_ERROR;
				CLANG_WARN_DOCUMENTATION_COMMENTS = YES;
				CLANG_WARN_EMPTY_BODY = YES;
				CLANG_WARN_ENUM_CONVERSION = YES;
				CLANG_WARN_INFINITE_RECURSION = YES;
				CLANG_WARN_INT_CONVERSION = YES;
				CLANG_WARN_NON_LITERAL_NULL_CONVERSION = YES;
				CLANG_WARN_OBJC_IMPLICIT_RETAIN_SELF = YES;
				CLANG_WARN_OBJC_LITERAL_CONVERSION = YES;
				CLANG_WARN_OBJC_ROOT_CLASS = YES_ERROR;
				CLANG_WARN_QUOTED_INCLUDE_IN_FRAMEWORK_HEADER = YES;
				CLANG_WARN_RANGE_LOOP_ANALYSIS = YES;
				CLANG_WARN_STRICT_PROTOTYPES = YES;
				CLANG_WARN_SUSPICIOUS_MOVE = YES;
				CLANG_WARN_UNGUARDED_AVAILABILITY = YES_AGGRESSIVE;
				CLANG_WARN_UNREACHABLE_CODE = YES;
				CLANG_WARN__DUPLICATE_METHOD_MATCH = YES;
				COPY_PHASE_STRIP = NO;
				DEBUG_INFORMATION_FORMAT = dwarf;
				ENABLE_STRICT_OBJC_MSGSEND = YES;
				ENABLE_TESTABILITY = YES;
				GCC_C_LANGUAGE_STANDARD = gnu11;
				GCC_DYNAMIC_NO_PIC = NO;
				GCC_NO_COMMON_BLOCKS = YES;
				GCC_OPTIMIZATION_LEVEL = 0;
				GCC_PREPROCESSOR_DEFINITIONS = (
					"DEBUG=1",
					"$(inherited)",
				);
				GCC_WARN_64_TO_32_BIT_CONVERSION = YES;
				GCC_WARN_ABOUT_RETURN_TYPE = YES_ERROR;
				GCC_WARN_UNDECLARED_SELECTOR = YES;
				GCC_WARN_UNINITIALIZED_AUTOS = YES_AGGRESSIVE;
				GCC_WARN_UNUSED_FUNCTION = YES;
				GCC_WARN_UNUSED_VARIABLE = YES;
				IPHONEOS_DEPLOYMENT_TARGET = 15.5;
				MTL_ENABLE_DEBUG_INFO = INCLUDE_SOURCE;
				MTL_FAST_MATH = YES;
				ONLY_ACTIVE_ARCH = YES;
				SDKROOT = iphoneos;
				SWIFT_ACTIVE_COMPILATION_CONDITIONS = DEBUG;
				SWIFT_OPTIMIZATION_LEVEL = "-Onone";
			};
			name = Debug;
		};
		0119AE7128F9EFFC00DA73F8 /* Release */ = {
			isa = XCBuildConfiguration;
			buildSettings = {
				ALWAYS_SEARCH_USER_PATHS = NO;
				CLANG_ANALYZER_NONNULL = YES;
				CLANG_ANALYZER_NUMBER_OBJECT_CONVERSION = YES_AGGRESSIVE;
				CLANG_CXX_LANGUAGE_STANDARD = "gnu++17";
				CLANG_ENABLE_MODULES = YES;
				CLANG_ENABLE_OBJC_ARC = YES;
				CLANG_ENABLE_OBJC_WEAK = YES;
				CLANG_WARN_BLOCK_CAPTURE_AUTORELEASING = YES;
				CLANG_WARN_BOOL_CONVERSION = YES;
				CLANG_WARN_COMMA = YES;
				CLANG_WARN_CONSTANT_CONVERSION = YES;
				CLANG_WARN_DEPRECATED_OBJC_IMPLEMENTATIONS = YES;
				CLANG_WARN_DIRECT_OBJC_ISA_USAGE = YES_ERROR;
				CLANG_WARN_DOCUMENTATION_COMMENTS = YES;
				CLANG_WARN_EMPTY_BODY = YES;
				CLANG_WARN_ENUM_CONVERSION = YES;
				CLANG_WARN_INFINITE_RECURSION = YES;
				CLANG_WARN_INT_CONVERSION = YES;
				CLANG_WARN_NON_LITERAL_NULL_CONVERSION = YES;
				CLANG_WARN_OBJC_IMPLICIT_RETAIN_SELF = YES;
				CLANG_WARN_OBJC_LITERAL_CONVERSION = YES;
				CLANG_WARN_OBJC_ROOT_CLASS = YES_ERROR;
				CLANG_WARN_QUOTED_INCLUDE_IN_FRAMEWORK_HEADER = YES;
				CLANG_WARN_RANGE_LOOP_ANALYSIS = YES;
				CLANG_WARN_STRICT_PROTOTYPES = YES;
				CLANG_WARN_SUSPICIOUS_MOVE = YES;
				CLANG_WARN_UNGUARDED_AVAILABILITY = YES_AGGRESSIVE;
				CLANG_WARN_UNREACHABLE_CODE = YES;
				CLANG_WARN__DUPLICATE_METHOD_MATCH = YES;
				COPY_PHASE_STRIP = NO;
				DEBUG_INFORMATION_FORMAT = "dwarf-with-dsym";
				ENABLE_NS_ASSERTIONS = NO;
				ENABLE_STRICT_OBJC_MSGSEND = YES;
				GCC_C_LANGUAGE_STANDARD = gnu11;
				GCC_NO_COMMON_BLOCKS = YES;
				GCC_WARN_64_TO_32_BIT_CONVERSION = YES;
				GCC_WARN_ABOUT_RETURN_TYPE = YES_ERROR;
				GCC_WARN_UNDECLARED_SELECTOR = YES;
				GCC_WARN_UNINITIALIZED_AUTOS = YES_AGGRESSIVE;
				GCC_WARN_UNUSED_FUNCTION = YES;
				GCC_WARN_UNUSED_VARIABLE = YES;
				IPHONEOS_DEPLOYMENT_TARGET = 15.5;
				MTL_ENABLE_DEBUG_INFO = NO;
				MTL_FAST_MATH = YES;
				SDKROOT = iphoneos;
				SWIFT_COMPILATION_MODE = wholemodule;
				SWIFT_OPTIMIZATION_LEVEL = "-O";
				VALIDATE_PRODUCT = YES;
			};
			name = Release;
		};
		0119AE7328F9EFFC00DA73F8 /* Debug */ = {
			isa = XCBuildConfiguration;
			buildSettings = {
				ASSETCATALOG_COMPILER_APPICON_NAME = AppIcon;
				ASSETCATALOG_COMPILER_GLOBAL_ACCENT_COLOR_NAME = AccentColor;
				CODE_SIGN_STYLE = Automatic;
				CURRENT_PROJECT_VERSION = 1;
				GENERATE_INFOPLIST_FILE = YES;
				INFOPLIST_FILE = practicaArreglos/Info.plist;
				INFOPLIST_KEY_UIApplicationSupportsIndirectInputEvents = YES;
				INFOPLIST_KEY_UILaunchStoryboardName = LaunchScreen;
				INFOPLIST_KEY_UIMainStoryboardFile = Main;
				INFOPLIST_KEY_UISupportedInterfaceOrientations_iPad = "UIInterfaceOrientationPortrait UIInterfaceOrientationPortraitUpsideDown UIInterfaceOrientationLandscapeLeft UIInterfaceOrientationLandscapeRight";
				INFOPLIST_KEY_UISupportedInterfaceOrientations_iPhone = "UIInterfaceOrientationPortrait UIInterfaceOrientationLandscapeLeft UIInterfaceOrientationLandscapeRight";
				LD_RUNPATH_SEARCH_PATHS = (
					"$(inherited)",
					"@executable_path/Frameworks",
				);
				MARKETING_VERSION = 1.0;
				PRODUCT_BUNDLE_IDENTIFIER = "desarrollador-Felix.practicaArreglos";
				PRODUCT_NAME = "$(TARGET_NAME)";
				SWIFT_EMIT_LOC_STRINGS = YES;
				SWIFT_VERSION = 5.0;
				TARGETED_DEVICE_FAMILY = "1,2";
			};
			name = Debug;
		};
		0119AE7428F9EFFC00DA73F8 /* Release */ = {
			isa = XCBuildConfiguration;
			buildSettings = {
				ASSETCATALOG_COMPILER_APPICON_NAME = AppIcon;
				ASSETCATALOG_COMPILER_GLOBAL_ACCENT_COLOR_NAME = AccentColor;
				CODE_SIGN_STYLE = Automatic;
				CURRENT_PROJECT_VERSION = 1;
				GENERATE_INFOPLIST_FILE = YES;
				INFOPLIST_FILE = practicaArreglos/Info.plist;
				INFOPLIST_KEY_UIApplicationSupportsIndirectInputEvents = YES;
				INFOPLIST_KEY_UILaunchStoryboardName = LaunchScreen;
				INFOPLIST_KEY_UIMainStoryboardFile = Main;
				INFOPLIST_KEY_UISupportedInterfaceOrientations_iPad = "UIInterfaceOrientationPortrait UIInterfaceOrientationPortraitUpsideDown UIInterfaceOrientationLandscapeLeft UIInterfaceOrientationLandscapeRight";
				INFOPLIST_KEY_UISupportedInterfaceOrientations_iPhone = "UIInterfaceOrientationPortrait UIInterfaceOrientationLandscapeLeft UIInterfaceOrientationLandscapeRight";
				LD_RUNPATH_SEARCH_PATHS = (
					"$(inherited)",
					"@executable_path/Frameworks",
				);
				MARKETING_VERSION = 1.0;
				PRODUCT_BUNDLE_IDENTIFIER = "desarrollador-Felix.practicaArreglos";
				PRODUCT_NAME = "$(TARGET_NAME)";
				SWIFT_EMIT_LOC_STRINGS = YES;
				SWIFT_VERSION = 5.0;
				TARGETED_DEVICE_FAMILY = "1,2";
			};
			name = Release;
		};
		0119AE7628F9EFFC00DA73F8 /* Debug */ = {
			isa = XCBuildConfiguration;
			buildSettings = {
				ALWAYS_EMBED_SWIFT_STANDARD_LIBRARIES = YES;
				BUNDLE_LOADER = "$(TEST_HOST)";
				CODE_SIGN_STYLE = Automatic;
				CURRENT_PROJECT_VERSION = 1;
				GENERATE_INFOPLIST_FILE = YES;
				IPHONEOS_DEPLOYMENT_TARGET = 15.5;
				MARKETING_VERSION = 1.0;
				PRODUCT_BUNDLE_IDENTIFIER = "desarrollador-Felix.practicaArreglosTests";
				PRODUCT_NAME = "$(TARGET_NAME)";
				SWIFT_EMIT_LOC_STRINGS = NO;
				SWIFT_VERSION = 5.0;
				TARGETED_DEVICE_FAMILY = "1,2";
				TEST_HOST = "$(BUILT_PRODUCTS_DIR)/practicaArreglos.app/practicaArreglos";
			};
			name = Debug;
		};
		0119AE7728F9EFFC00DA73F8 /* Release */ = {
			isa = XCBuildConfiguration;
			buildSettings = {
				ALWAYS_EMBED_SWIFT_STANDARD_LIBRARIES = YES;
				BUNDLE_LOADER = "$(TEST_HOST)";
				CODE_SIGN_STYLE = Automatic;
				CURRENT_PROJECT_VERSION = 1;
				GENERATE_INFOPLIST_FILE = YES;
				IPHONEOS_DEPLOYMENT_TARGET = 15.5;
				MARKETING_VERSION = 1.0;
				PRODUCT_BUNDLE_IDENTIFIER = "desarrollador-Felix.practicaArreglosTests";
				PRODUCT_NAME = "$(TARGET_NAME)";
				SWIFT_EMIT_LOC_STRINGS = NO;
				SWIFT_VERSION = 5.0;
				TARGETED_DEVICE_FAMILY = "1,2";
				TEST_HOST = "$(BUILT_PRODUCTS_DIR)/practicaArreglos.app/practicaArreglos";
			};
			name = Release;
		};
		0119AE7928F9EFFC00DA73F8 /* Debug */ = {
			isa = XCBuildConfiguration;
			buildSettings = {
				ALWAYS_EMBED_SWIFT_STANDARD_LIBRARIES = YES;
				CODE_SIGN_STYLE = Automatic;
				CURRENT_PROJECT_VERSION = 1;
				GENERATE_INFOPLIST_FILE = YES;
				MARKETING_VERSION = 1.0;
				PRODUCT_BUNDLE_IDENTIFIER = "desarrollador-Felix.practicaArreglosUITests";
				PRODUCT_NAME = "$(TARGET_NAME)";
				SWIFT_EMIT_LOC_STRINGS = NO;
				SWIFT_VERSION = 5.0;
				TARGETED_DEVICE_FAMILY = "1,2";
				TEST_TARGET_NAME = practicaArreglos;
			};
			name = Debug;
		};
		0119AE7A28F9EFFC00DA73F8 /* Release */ = {
			isa = XCBuildConfiguration;
			buildSettings = {
				ALWAYS_EMBED_SWIFT_STANDARD_LIBRARIES = YES;
				CODE_SIGN_STYLE = Automatic;
				CURRENT_PROJECT_VERSION = 1;
				GENERATE_INFOPLIST_FILE = YES;
				MARKETING_VERSION = 1.0;
				PRODUCT_BUNDLE_IDENTIFIER = "desarrollador-Felix.practicaArreglosUITests";
				PRODUCT_NAME = "$(TARGET_NAME)";
				SWIFT_EMIT_LOC_STRINGS = NO;
				SWIFT_VERSION = 5.0;
				TARGETED_DEVICE_FAMILY = "1,2";
				TEST_TARGET_NAME = practicaArreglos;
			};
			name = Release;
		};
/* End XCBuildConfiguration section */

/* Begin XCConfigurationList section */
		0119AE4328F9EFFA00DA73F8 /* Build configuration list for PBXProject "practicaArreglos" */ = {
			isa = XCConfigurationList;
			buildConfigurations = (
				0119AE7028F9EFFC00DA73F8 /* Debug */,
				0119AE7128F9EFFC00DA73F8 /* Release */,
			);
			defaultConfigurationIsVisible = 0;
			defaultConfigurationName = Release;
		};
		0119AE7228F9EFFC00DA73F8 /* Build configuration list for PBXNativeTarget "practicaArreglos" */ = {
			isa = XCConfigurationList;
			buildConfigurations = (
				0119AE7328F9EFFC00DA73F8 /* Debug */,
				0119AE7428F9EFFC00DA73F8 /* Release */,
			);
			defaultConfigurationIsVisible = 0;
			defaultConfigurationName = Release;
		};
		0119AE7528F9EFFC00DA73F8 /* Build configuration list for PBXNativeTarget "practicaArreglosTests" */ = {
			isa = XCConfigurationList;
			buildConfigurations = (
				0119AE7628F9EFFC00DA73F8 /* Debug */,
				0119AE7728F9EFFC00DA73F8 /* Release */,
			);
			defaultConfigurationIsVisible = 0;
			defaultConfigurationName = Release;
		};
		0119AE7828F9EFFC00DA73F8 /* Build configuration list for PBXNativeTarget "practicaArreglosUITests" */ = {
			isa = XCConfigurationList;
			buildConfigurations = (
				0119AE7928F9EFFC00DA73F8 /* Debug */,
				0119AE7A28F9EFFC00DA73F8 /* Release */,
			);
			defaultConfigurationIsVisible = 0;
			defaultConfigurationName = Release;
		};
/* End XCConfigurationList section */
	};
	rootObject = 0119AE4028F9EFFA00DA73F8 /* Project object */;
}
