// !$*UTF8*$!
{
	archiveVersion = 1;
	classes = {
	};
	objectVersion = 55;
	objects = {

/* Begin PBXBuildFile section */
		0149AF892915A805009D512F /* AppDelegate.swift in Sources */ = {isa = PBXBuildFile; fileRef = 0149AF882915A805009D512F /* AppDelegate.swift */; };
		0149AF8B2915A805009D512F /* SceneDelegate.swift in Sources */ = {isa = PBXBuildFile; fileRef = 0149AF8A2915A805009D512F /* SceneDelegate.swift */; };
		0149AF8D2915A805009D512F /* ViewController.swift in Sources */ = {isa = PBXBuildFile; fileRef = 0149AF8C2915A805009D512F /* ViewController.swift */; };
		0149AF902915A805009D512F /* Main.storyboard in Resources */ = {isa = PBXBuildFile; fileRef = 0149AF8E2915A805009D512F /* Main.storyboard */; };
		0149AF922915A80A009D512F /* Assets.xcassets in Resources */ = {isa = PBXBuildFile; fileRef = 0149AF912915A80A009D512F /* Assets.xcassets */; };
		0149AF952915A80A009D512F /* LaunchScreen.storyboard in Resources */ = {isa = PBXBuildFile; fileRef = 0149AF932915A80A009D512F /* LaunchScreen.storyboard */; };
		0149AFA02915A80A009D512F /* masComponentesGraficosTests.swift in Sources */ = {isa = PBXBuildFile; fileRef = 0149AF9F2915A80A009D512F /* masComponentesGraficosTests.swift */; };
		0149AFAA2915A80A009D512F /* masComponentesGraficosUITests.swift in Sources */ = {isa = PBXBuildFile; fileRef = 0149AFA92915A80A009D512F /* masComponentesGraficosUITests.swift */; };
		0149AFAC2915A80A009D512F /* masComponentesGraficosUITestsLaunchTests.swift in Sources */ = {isa = PBXBuildFile; fileRef = 0149AFAB2915A80A009D512F /* masComponentesGraficosUITestsLaunchTests.swift */; };
/* End PBXBuildFile section */

/* Begin PBXContainerItemProxy section */
		0149AF9C2915A80A009D512F /* PBXContainerItemProxy */ = {
			isa = PBXContainerItemProxy;
			containerPortal = 0149AF7D2915A805009D512F /* Project object */;
			proxyType = 1;
			remoteGlobalIDString = 0149AF842915A805009D512F;
			remoteInfo = masComponentesGraficos;
		};
		0149AFA62915A80A009D512F /* PBXContainerItemProxy */ = {
			isa = PBXContainerItemProxy;
			containerPortal = 0149AF7D2915A805009D512F /* Project object */;
			proxyType = 1;
			remoteGlobalIDString = 0149AF842915A805009D512F;
			remoteInfo = masComponentesGraficos;
		};
/* End PBXContainerItemProxy section */

/* Begin PBXFileReference section */
		0149AF852915A805009D512F /* masComponentesGraficos.app */ = {isa = PBXFileReference; explicitFileType = wrapper.application; includeInIndex = 0; path = masComponentesGraficos.app; sourceTree = BUILT_PRODUCTS_DIR; };
		0149AF882915A805009D512F /* AppDelegate.swift */ = {isa = PBXFileReference; lastKnownFileType = sourcecode.swift; path = AppDelegate.swift; sourceTree = "<group>"; };
		0149AF8A2915A805009D512F /* SceneDelegate.swift */ = {isa = PBXFileReference; lastKnownFileType = sourcecode.swift; path = SceneDelegate.swift; sourceTree = "<group>"; };
		0149AF8C2915A805009D512F /* ViewController.swift */ = {isa = PBXFileReference; lastKnownFileType = sourcecode.swift; path = ViewController.swift; sourceTree = "<group>"; };
		0149AF8F2915A805009D512F /* Base */ = {isa = PBXFileReference; lastKnownFileType = file.storyboard; name = Base; path = Base.lproj/Main.storyboard; sourceTree = "<group>"; };
		0149AF912915A80A009D512F /* Assets.xcassets */ = {isa = PBXFileReference; lastKnownFileType = folder.assetcatalog; path = Assets.xcassets; sourceTree = "<group>"; };
		0149AF942915A80A009D512F /* Base */ = {isa = PBXFileReference; lastKnownFileType = file.storyboard; name = Base; path = Base.lproj/LaunchScreen.storyboard; sourceTree = "<group>"; };
		0149AF962915A80A009D512F /* Info.plist */ = {isa = PBXFileReference; lastKnownFileType = text.plist.xml; path = Info.plist; sourceTree = "<group>"; };
		0149AF9B2915A80A009D512F /* masComponentesGraficosTests.xctest */ = {isa = PBXFileReference; explicitFileType = wrapper.cfbundle; includeInIndex = 0; path = masComponentesGraficosTests.xctest; sourceTree = BUILT_PRODUCTS_DIR; };
		0149AF9F2915A80A009D512F /* masComponentesGraficosTests.swift */ = {isa = PBXFileReference; lastKnownFileType = sourcecode.swift; path = masComponentesGraficosTests.swift; sourceTree = "<group>"; };
		0149AFA52915A80A009D512F /* masComponentesGraficosUITests.xctest */ = {isa = PBXFileReference; explicitFileType = wrapper.cfbundle; includeInIndex = 0; path = masComponentesGraficosUITests.xctest; sourceTree = BUILT_PRODUCTS_DIR; };
		0149AFA92915A80A009D512F /* masComponentesGraficosUITests.swift */ = {isa = PBXFileReference; lastKnownFileType = sourcecode.swift; path = masComponentesGraficosUITests.swift; sourceTree = "<group>"; };
		0149AFAB2915A80A009D512F /* masComponentesGraficosUITestsLaunchTests.swift */ = {isa = PBXFileReference; lastKnownFileType = sourcecode.swift; path = masComponentesGraficosUITestsLaunchTests.swift; sourceTree = "<group>"; };
/* End PBXFileReference section */

/* Begin PBXFrameworksBuildPhase section */
		0149AF822915A805009D512F /* Frameworks */ = {
			isa = PBXFrameworksBuildPhase;
			buildActionMask = 2147483647;
			files = (
			);
			runOnlyForDeploymentPostprocessing = 0;
		};
		0149AF982915A80A009D512F /* Frameworks */ = {
			isa = PBXFrameworksBuildPhase;
			buildActionMask = 2147483647;
			files = (
			);
			runOnlyForDeploymentPostprocessing = 0;
		};
		0149AFA22915A80A009D512F /* Frameworks */ = {
			isa = PBXFrameworksBuildPhase;
			buildActionMask = 2147483647;
			files = (
			);
			runOnlyForDeploymentPostprocessing = 0;
		};
/* End PBXFrameworksBuildPhase section */

/* Begin PBXGroup section */
		0149AF7C2915A805009D512F = {
			isa = PBXGroup;
			children = (
				0149AF872915A805009D512F /* masComponentesGraficos */,
				0149AF9E2915A80A009D512F /* masComponentesGraficosTests */,
				0149AFA82915A80A009D512F /* masComponentesGraficosUITests */,
				0149AF862915A805009D512F /* Products */,
			);
			sourceTree = "<group>";
		};
		0149AF862915A805009D512F /* Products */ = {
			isa = PBXGroup;
			children = (
				0149AF852915A805009D512F /* masComponentesGraficos.app */,
				0149AF9B2915A80A009D512F /* masComponentesGraficosTests.xctest */,
				0149AFA52915A80A009D512F /* masComponentesGraficosUITests.xctest */,
			);
			name = Products;
			sourceTree = "<group>";
		};
		0149AF872915A805009D512F /* masComponentesGraficos */ = {
			isa = PBXGroup;
			children = (
				0149AF882915A805009D512F /* AppDelegate.swift */,
				0149AF8A2915A805009D512F /* SceneDelegate.swift */,
				0149AF8C2915A805009D512F /* ViewController.swift */,
				0149AF8E2915A805009D512F /* Main.storyboard */,
				0149AF912915A80A009D512F /* Assets.xcassets */,
				0149AF932915A80A009D512F /* LaunchScreen.storyboard */,
				0149AF962915A80A009D512F /* Info.plist */,
			);
			path = masComponentesGraficos;
			sourceTree = "<group>";
		};
		0149AF9E2915A80A009D512F /* masComponentesGraficosTests */ = {
			isa = PBXGroup;
			children = (
				0149AF9F2915A80A009D512F /* masComponentesGraficosTests.swift */,
			);
			path = masComponentesGraficosTests;
			sourceTree = "<group>";
		};
		0149AFA82915A80A009D512F /* masComponentesGraficosUITests */ = {
			isa = PBXGroup;
			children = (
				0149AFA92915A80A009D512F /* masComponentesGraficosUITests.swift */,
				0149AFAB2915A80A009D512F /* masComponentesGraficosUITestsLaunchTests.swift */,
			);
			path = masComponentesGraficosUITests;
			sourceTree = "<group>";
		};
/* End PBXGroup section */

/* Begin PBXNativeTarget section */
		0149AF842915A805009D512F /* masComponentesGraficos */ = {
			isa = PBXNativeTarget;
			buildConfigurationList = 0149AFAF2915A80A009D512F /* Build configuration list for PBXNativeTarget "masComponentesGraficos" */;
			buildPhases = (
				0149AF812915A805009D512F /* Sources */,
				0149AF822915A805009D512F /* Frameworks */,
				0149AF832915A805009D512F /* Resources */,
			);
			buildRules = (
			);
			dependencies = (
			);
			name = masComponentesGraficos;
			productName = masComponentesGraficos;
			productReference = 0149AF852915A805009D512F /* masComponentesGraficos.app */;
			productType = "com.apple.product-type.application";
		};
		0149AF9A2915A80A009D512F /* masComponentesGraficosTests */ = {
			isa = PBXNativeTarget;
			buildConfigurationList = 0149AFB22915A80A009D512F /* Build configuration list for PBXNativeTarget "masComponentesGraficosTests" */;
			buildPhases = (
				0149AF972915A80A009D512F /* Sources */,
				0149AF982915A80A009D512F /* Frameworks */,
				0149AF992915A80A009D512F /* Resources */,
			);
			buildRules = (
			);
			dependencies = (
				0149AF9D2915A80A009D512F /* PBXTargetDependency */,
			);
			name = masComponentesGraficosTests;
			productName = masComponentesGraficosTests;
			productReference = 0149AF9B2915A80A009D512F /* masComponentesGraficosTests.xctest */;
			productType = "com.apple.product-type.bundle.unit-test";
		};
		0149AFA42915A80A009D512F /* masComponentesGraficosUITests */ = {
			isa = PBXNativeTarget;
			buildConfigurationList = 0149AFB52915A80A009D512F /* Build configuration list for PBXNativeTarget "masComponentesGraficosUITests" */;
			buildPhases = (
				0149AFA12915A80A009D512F /* Sources */,
				0149AFA22915A80A009D512F /* Frameworks */,
				0149AFA32915A80A009D512F /* Resources */,
			);
			buildRules = (
			);
			dependencies = (
				0149AFA72915A80A009D512F /* PBXTargetDependency */,
			);
			name = masComponentesGraficosUITests;
			productName = masComponentesGraficosUITests;
			productReference = 0149AFA52915A80A009D512F /* masComponentesGraficosUITests.xctest */;
			productType = "com.apple.product-type.bundle.ui-testing";
		};
/* End PBXNativeTarget section */

/* Begin PBXProject section */
		0149AF7D2915A805009D512F /* Project object */ = {
			isa = PBXProject;
			attributes = {
				BuildIndependentTargetsInParallel = 1;
				LastSwiftUpdateCheck = 1340;
				LastUpgradeCheck = 1340;
				TargetAttributes = {
					0149AF842915A805009D512F = {
						CreatedOnToolsVersion = 13.4.1;
					};
					0149AF9A2915A80A009D512F = {
						CreatedOnToolsVersion = 13.4.1;
						TestTargetID = 0149AF842915A805009D512F;
					};
					0149AFA42915A80A009D512F = {
						CreatedOnToolsVersion = 13.4.1;
						TestTargetID = 0149AF842915A805009D512F;
					};
				};
			};
			buildConfigurationList = 0149AF802915A805009D512F /* Build configuration list for PBXProject "masComponentesGraficos" */;
			compatibilityVersion = "Xcode 13.0";
			developmentRegion = en;
			hasScannedForEncodings = 0;
			knownRegions = (
				en,
				Base,
			);
			mainGroup = 0149AF7C2915A805009D512F;
			productRefGroup = 0149AF862915A805009D512F /* Products */;
			projectDirPath = "";
			projectRoot = "";
			targets = (
				0149AF842915A805009D512F /* masComponentesGraficos */,
				0149AF9A2915A80A009D512F /* masComponentesGraficosTests */,
				0149AFA42915A80A009D512F /* masComponentesGraficosUITests */,
			);
		};
/* End PBXProject section */

/* Begin PBXResourcesBuildPhase section */
		0149AF832915A805009D512F /* Resources */ = {
			isa = PBXResourcesBuildPhase;
			buildActionMask = 2147483647;
			files = (
				0149AF952915A80A009D512F /* LaunchScreen.storyboard in Resources */,
				0149AF922915A80A009D512F /* Assets.xcassets in Resources */,
				0149AF902915A805009D512F /* Main.storyboard in Resources */,
			);
			runOnlyForDeploymentPostprocessing = 0;
		};
		0149AF992915A80A009D512F /* Resources */ = {
			isa = PBXResourcesBuildPhase;
			buildActionMask = 2147483647;
			files = (
			);
			runOnlyForDeploymentPostprocessing = 0;
		};
		0149AFA32915A80A009D512F /* Resources */ = {
			isa = PBXResourcesBuildPhase;
			buildActionMask = 2147483647;
			files = (
			);
			runOnlyForDeploymentPostprocessing = 0;
		};
/* End PBXResourcesBuildPhase section */

/* Begin PBXSourcesBuildPhase section */
		0149AF812915A805009D512F /* Sources */ = {
			isa = PBXSourcesBuildPhase;
			buildActionMask = 2147483647;
			files = (
				0149AF8D2915A805009D512F /* ViewController.swift in Sources */,
				0149AF892915A805009D512F /* AppDelegate.swift in Sources */,
				0149AF8B2915A805009D512F /* SceneDelegate.swift in Sources */,
			);
			runOnlyForDeploymentPostprocessing = 0;
		};
		0149AF972915A80A009D512F /* Sources */ = {
			isa = PBXSourcesBuildPhase;
			buildActionMask = 2147483647;
			files = (
				0149AFA02915A80A009D512F /* masComponentesGraficosTests.swift in Sources */,
			);
			runOnlyForDeploymentPostprocessing = 0;
		};
		0149AFA12915A80A009D512F /* Sources */ = {
			isa = PBXSourcesBuildPhase;
			buildActionMask = 2147483647;
			files = (
				0149AFAC2915A80A009D512F /* masComponentesGraficosUITestsLaunchTests.swift in Sources */,
				0149AFAA2915A80A009D512F /* masComponentesGraficosUITests.swift in Sources */,
			);
			runOnlyForDeploymentPostprocessing = 0;
		};
/* End PBXSourcesBuildPhase section */

/* Begin PBXTargetDependency section */
		0149AF9D2915A80A009D512F /* PBXTargetDependency */ = {
			isa = PBXTargetDependency;
			target = 0149AF842915A805009D512F /* masComponentesGraficos */;
			targetProxy = 0149AF9C2915A80A009D512F /* PBXContainerItemProxy */;
		};
		0149AFA72915A80A009D512F /* PBXTargetDependency */ = {
			isa = PBXTargetDependency;
			target = 0149AF842915A805009D512F /* masComponentesGraficos */;
			targetProxy = 0149AFA62915A80A009D512F /* PBXContainerItemProxy */;
		};
/* End PBXTargetDependency section */

/* Begin PBXVariantGroup section */
		0149AF8E2915A805009D512F /* Main.storyboard */ = {
			isa = PBXVariantGroup;
			children = (
				0149AF8F2915A805009D512F /* Base */,
			);
			name = Main.storyboard;
			sourceTree = "<group>";
		};
		0149AF932915A80A009D512F /* LaunchScreen.storyboard */ = {
			isa = PBXVariantGroup;
			children = (
				0149AF942915A80A009D512F /* Base */,
			);
			name = LaunchScreen.storyboard;
			sourceTree = "<group>";
		};
/* End PBXVariantGroup section */

/* Begin XCBuildConfiguration section */
		0149AFAD2915A80A009D512F /* Debug */ = {
			isa = XCBuildConfiguration;
			buildSettings = {
				ALWAYS_SEARCH_USER_PATHS = NO;
				CLANG_ANALYZER_NONNULL = YES;
				CLANG_ANALYZER_NUMBER_OBJECT_CONVERSION = YES_AGGRESSIVE;
				CLANG_CXX_LANGUAGE_STANDARD = "gnu++17";
				CLANG_ENABLE_MODULES = YES;
				CLANG_ENABLE_OBJC_ARC = YES;
				CLANG_ENABLE_OBJC_WEAK = YES;
				CLANG_WARN_BLOCK_CAPTURE_AUTORELEASING = YES;
				CLANG_WARN_BOOL_CONVERSION = YES;
				CLANG_WARN_COMMA = YES;
				CLANG_WARN_CONSTANT_CONVERSION = YES;
				CLANG_WARN_DEPRECATED_OBJC_IMPLEMENTATIONS = YES;
				CLANG_WARN_DIRECT_OBJC_ISA_USAGE = YES_ERROR;
				CLANG_WARN_DOCUMENTATION_COMMENTS = YES;
				CLANG_WARN_EMPTY_BODY = YES;
				CLANG_WARN_ENUM_CONVERSION = YES;
				CLANG_WARN_INFINITE_RECURSION = YES;
				CLANG_WARN_INT_CONVERSION = YES;
				CLANG_WARN_NON_LITERAL_NULL_CONVERSION = YES;
				CLANG_WARN_OBJC_IMPLICIT_RETAIN_SELF = YES;
				CLANG_WARN_OBJC_LITERAL_CONVERSION = YES;
				CLANG_WARN_OBJC_ROOT_CLASS = YES_ERROR;
				CLANG_WARN_QUOTED_INCLUDE_IN_FRAMEWORK_HEADER = YES;
				CLANG_WARN_RANGE_LOOP_ANALYSIS = YES;
				CLANG_WARN_STRICT_PROTOTYPES = YES;
				CLANG_WARN_SUSPICIOUS_MOVE = YES;
				CLANG_WARN_UNGUARDED_AVAILABILITY = YES_AGGRESSIVE;
				CLANG_WARN_UNREACHABLE_CODE = YES;
				CLANG_WARN__DUPLICATE_METHOD_MATCH = YES;
				COPY_PHASE_STRIP = NO;
				DEBUG_INFORMATION_FORMAT = dwarf;
				ENABLE_STRICT_OBJC_MSGSEND = YES;
				ENABLE_TESTABILITY = YES;
				GCC_C_LANGUAGE_STANDARD = gnu11;
				GCC_DYNAMIC_NO_PIC = NO;
				GCC_NO_COMMON_BLOCKS = YES;
				GCC_OPTIMIZATION_LEVEL = 0;
				GCC_PREPROCESSOR_DEFINITIONS = (
					"DEBUG=1",
					"$(inherited)",
				);
				GCC_WARN_64_TO_32_BIT_CONVERSION = YES;
				GCC_WARN_ABOUT_RETURN_TYPE = YES_ERROR;
				GCC_WARN_UNDECLARED_SELECTOR = YES;
				GCC_WARN_UNINITIALIZED_AUTOS = YES_AGGRESSIVE;
				GCC_WARN_UNUSED_FUNCTION = YES;
				GCC_WARN_UNUSED_VARIABLE = YES;
				IPHONEOS_DEPLOYMENT_TARGET = 15.5;
				MTL_ENABLE_DEBUG_INFO = INCLUDE_SOURCE;
				MTL_FAST_MATH = YES;
				ONLY_ACTIVE_ARCH = YES;
				SDKROOT = iphoneos;
				SWIFT_ACTIVE_COMPILATION_CONDITIONS = DEBUG;
				SWIFT_OPTIMIZATION_LEVEL = "-Onone";
			};
			name = Debug;
		};
		0149AFAE2915A80A009D512F /* Release */ = {
			isa = XCBuildConfiguration;
			buildSettings = {
				ALWAYS_SEARCH_USER_PATHS = NO;
				CLANG_ANALYZER_NONNULL = YES;
				CLANG_ANALYZER_NUMBER_OBJECT_CONVERSION = YES_AGGRESSIVE;
				CLANG_CXX_LANGUAGE_STANDARD = "gnu++17";
				CLANG_ENABLE_MODULES = YES;
				CLANG_ENABLE_OBJC_ARC = YES;
				CLANG_ENABLE_OBJC_WEAK = YES;
				CLANG_WARN_BLOCK_CAPTURE_AUTORELEASING = YES;
				CLANG_WARN_BOOL_CONVERSION = YES;
				CLANG_WARN_COMMA = YES;
				CLANG_WARN_CONSTANT_CONVERSION = YES;
				CLANG_WARN_DEPRECATED_OBJC_IMPLEMENTATIONS = YES;
				CLANG_WARN_DIRECT_OBJC_ISA_USAGE = YES_ERROR;
				CLANG_WARN_DOCUMENTATION_COMMENTS = YES;
				CLANG_WARN_EMPTY_BODY = YES;
				CLANG_WARN_ENUM_CONVERSION = YES;
				CLANG_WARN_INFINITE_RECURSION = YES;
				CLANG_WARN_INT_CONVERSION = YES;
				CLANG_WARN_NON_LITERAL_NULL_CONVERSION = YES;
				CLANG_WARN_OBJC_IMPLICIT_RETAIN_SELF = YES;
				CLANG_WARN_OBJC_LITERAL_CONVERSION = YES;
				CLANG_WARN_OBJC_ROOT_CLASS = YES_ERROR;
				CLANG_WARN_QUOTED_INCLUDE_IN_FRAMEWORK_HEADER = YES;
				CLANG_WARN_RANGE_LOOP_ANALYSIS = YES;
				CLANG_WARN_STRICT_PROTOTYPES = YES;
				CLANG_WARN_SUSPICIOUS_MOVE = YES;
				CLANG_WARN_UNGUARDED_AVAILABILITY = YES_AGGRESSIVE;
				CLANG_WARN_UNREACHABLE_CODE = YES;
				CLANG_WARN__DUPLICATE_METHOD_MATCH = YES;
				COPY_PHASE_STRIP = NO;
				DEBUG_INFORMATION_FORMAT = "dwarf-with-dsym";
				ENABLE_NS_ASSERTIONS = NO;
				ENABLE_STRICT_OBJC_MSGSEND = YES;
				GCC_C_LANGUAGE_STANDARD = gnu11;
				GCC_NO_COMMON_BLOCKS = YES;
				GCC_WARN_64_TO_32_BIT_CONVERSION = YES;
				GCC_WARN_ABOUT_RETURN_TYPE = YES_ERROR;
				GCC_WARN_UNDECLARED_SELECTOR = YES;
				GCC_WARN_UNINITIALIZED_AUTOS = YES_AGGRESSIVE;
				GCC_WARN_UNUSED_FUNCTION = YES;
				GCC_WARN_UNUSED_VARIABLE = YES;
				IPHONEOS_DEPLOYMENT_TARGET = 15.5;
				MTL_ENABLE_DEBUG_INFO = NO;
				MTL_FAST_MATH = YES;
				SDKROOT = iphoneos;
				SWIFT_COMPILATION_MODE = wholemodule;
				SWIFT_OPTIMIZATION_LEVEL = "-O";
				VALIDATE_PRODUCT = YES;
			};
			name = Release;
		};
		0149AFB02915A80A009D512F /* Debug */ = {
			isa = XCBuildConfiguration;
			buildSettings = {
				ASSETCATALOG_COMPILER_APPICON_NAME = AppIcon;
				ASSETCATALOG_COMPILER_GLOBAL_ACCENT_COLOR_NAME = AccentColor;
				CODE_SIGN_STYLE = Automatic;
				CURRENT_PROJECT_VERSION = 1;
				GENERATE_INFOPLIST_FILE = YES;
				INFOPLIST_FILE = masComponentesGraficos/Info.plist;
				INFOPLIST_KEY_UIApplicationSupportsIndirectInputEvents = YES;
				INFOPLIST_KEY_UILaunchStoryboardName = LaunchScreen;
				INFOPLIST_KEY_UIMainStoryboardFile = Main;
				INFOPLIST_KEY_UISupportedInterfaceOrientations_iPad = "UIInterfaceOrientationPortrait UIInterfaceOrientationPortraitUpsideDown UIInterfaceOrientationLandscapeLeft UIInterfaceOrientationLandscapeRight";
				INFOPLIST_KEY_UISupportedInterfaceOrientations_iPhone = "UIInterfaceOrientationPortrait UIInterfaceOrientationLandscapeLeft UIInterfaceOrientationLandscapeRight";
				LD_RUNPATH_SEARCH_PATHS = (
					"$(inherited)",
					"@executable_path/Frameworks",
				);
				MARKETING_VERSION = 1.0;
				PRODUCT_BUNDLE_IDENTIFIER = "desarrollador-Felix.masComponentesGraficos";
				PRODUCT_NAME = "$(TARGET_NAME)";
				SWIFT_EMIT_LOC_STRINGS = YES;
				SWIFT_VERSION = 5.0;
				TARGETED_DEVICE_FAMILY = "1,2";
			};
			name = Debug;
		};
		0149AFB12915A80A009D512F /* Release */ = {
			isa = XCBuildConfiguration;
			buildSettings = {
				ASSETCATALOG_COMPILER_APPICON_NAME = AppIcon;
				ASSETCATALOG_COMPILER_GLOBAL_ACCENT_COLOR_NAME = AccentColor;
				CODE_SIGN_STYLE = Automatic;
				CURRENT_PROJECT_VERSION = 1;
				GENERATE_INFOPLIST_FILE = YES;
				INFOPLIST_FILE = masComponentesGraficos/Info.plist;
				INFOPLIST_KEY_UIApplicationSupportsIndirectInputEvents = YES;
				INFOPLIST_KEY_UILaunchStoryboardName = LaunchScreen;
				INFOPLIST_KEY_UIMainStoryboardFile = Main;
				INFOPLIST_KEY_UISupportedInterfaceOrientations_iPad = "UIInterfaceOrientationPortrait UIInterfaceOrientationPortraitUpsideDown UIInterfaceOrientationLandscapeLeft UIInterfaceOrientationLandscapeRight";
				INFOPLIST_KEY_UISupportedInterfaceOrientations_iPhone = "UIInterfaceOrientationPortrait UIInterfaceOrientationLandscapeLeft UIInterfaceOrientationLandscapeRight";
				LD_RUNPATH_SEARCH_PATHS = (
					"$(inherited)",
					"@executable_path/Frameworks",
				);
				MARKETING_VERSION = 1.0;
				PRODUCT_BUNDLE_IDENTIFIER = "desarrollador-Felix.masComponentesGraficos";
				PRODUCT_NAME = "$(TARGET_NAME)";
				SWIFT_EMIT_LOC_STRINGS = YES;
				SWIFT_VERSION = 5.0;
				TARGETED_DEVICE_FAMILY = "1,2";
			};
			name = Release;
		};
		0149AFB32915A80A009D512F /* Debug */ = {
			isa = XCBuildConfiguration;
			buildSettings = {
				ALWAYS_EMBED_SWIFT_STANDARD_LIBRARIES = YES;
				BUNDLE_LOADER = "$(TEST_HOST)";
				CODE_SIGN_STYLE = Automatic;
				CURRENT_PROJECT_VERSION = 1;
				GENERATE_INFOPLIST_FILE = YES;
				IPHONEOS_DEPLOYMENT_TARGET = 15.5;
				MARKETING_VERSION = 1.0;
				PRODUCT_BUNDLE_IDENTIFIER = "desarrollador-Felix.masComponentesGraficosTests";
				PRODUCT_NAME = "$(TARGET_NAME)";
				SWIFT_EMIT_LOC_STRINGS = NO;
				SWIFT_VERSION = 5.0;
				TARGETED_DEVICE_FAMILY = "1,2";
				TEST_HOST = "$(BUILT_PRODUCTS_DIR)/masComponentesGraficos.app/masComponentesGraficos";
			};
			name = Debug;
		};
		0149AFB42915A80A009D512F /* Release */ = {
			isa = XCBuildConfiguration;
			buildSettings = {
				ALWAYS_EMBED_SWIFT_STANDARD_LIBRARIES = YES;
				BUNDLE_LOADER = "$(TEST_HOST)";
				CODE_SIGN_STYLE = Automatic;
				CURRENT_PROJECT_VERSION = 1;
				GENERATE_INFOPLIST_FILE = YES;
				IPHONEOS_DEPLOYMENT_TARGET = 15.5;
				MARKETING_VERSION = 1.0;
				PRODUCT_BUNDLE_IDENTIFIER = "desarrollador-Felix.masComponentesGraficosTests";
				PRODUCT_NAME = "$(TARGET_NAME)";
				SWIFT_EMIT_LOC_STRINGS = NO;
				SWIFT_VERSION = 5.0;
				TARGETED_DEVICE_FAMILY = "1,2";
				TEST_HOST = "$(BUILT_PRODUCTS_DIR)/masComponentesGraficos.app/masComponentesGraficos";
			};
			name = Release;
		};
		0149AFB62915A80A009D512F /* Debug */ = {
			isa = XCBuildConfiguration;
			buildSettings = {
				ALWAYS_EMBED_SWIFT_STANDARD_LIBRARIES = YES;
				CODE_SIGN_STYLE = Automatic;
				CURRENT_PROJECT_VERSION = 1;
				GENERATE_INFOPLIST_FILE = YES;
				MARKETING_VERSION = 1.0;
				PRODUCT_BUNDLE_IDENTIFIER = "desarrollador-Felix.masComponentesGraficosUITests";
				PRODUCT_NAME = "$(TARGET_NAME)";
				SWIFT_EMIT_LOC_STRINGS = NO;
				SWIFT_VERSION = 5.0;
				TARGETED_DEVICE_FAMILY = "1,2";
				TEST_TARGET_NAME = masComponentesGraficos;
			};
			name = Debug;
		};
		0149AFB72915A80A009D512F /* Release */ = {
			isa = XCBuildConfiguration;
			buildSettings = {
				ALWAYS_EMBED_SWIFT_STANDARD_LIBRARIES = YES;
				CODE_SIGN_STYLE = Automatic;
				CURRENT_PROJECT_VERSION = 1;
				GENERATE_INFOPLIST_FILE = YES;
				MARKETING_VERSION = 1.0;
				PRODUCT_BUNDLE_IDENTIFIER = "desarrollador-Felix.masComponentesGraficosUITests";
				PRODUCT_NAME = "$(TARGET_NAME)";
				SWIFT_EMIT_LOC_STRINGS = NO;
				SWIFT_VERSION = 5.0;
				TARGETED_DEVICE_FAMILY = "1,2";
				TEST_TARGET_NAME = masComponentesGraficos;
			};
			name = Release;
		};
/* End XCBuildConfiguration section */

/* Begin XCConfigurationList section */
		0149AF802915A805009D512F /* Build configuration list for PBXProject "masComponentesGraficos" */ = {
			isa = XCConfigurationList;
			buildConfigurations = (
				0149AFAD2915A80A009D512F /* Debug */,
				0149AFAE2915A80A009D512F /* Release */,
			);
			defaultConfigurationIsVisible = 0;
			defaultConfigurationName = Release;
		};
		0149AFAF2915A80A009D512F /* Build configuration list for PBXNativeTarget "masComponentesGraficos" */ = {
			isa = XCConfigurationList;
			buildConfigurations = (
				0149AFB02915A80A009D512F /* Debug */,
				0149AFB12915A80A009D512F /* Release */,
			);
			defaultConfigurationIsVisible = 0;
			defaultConfigurationName = Release;
		};
		0149AFB22915A80A009D512F /* Build configuration list for PBXNativeTarget "masComponentesGraficosTests" */ = {
			isa = XCConfigurationList;
			buildConfigurations = (
				0149AFB32915A80A009D512F /* Debug */,
				0149AFB42915A80A009D512F /* Release */,
			);
			defaultConfigurationIsVisible = 0;
			defaultConfigurationName = Release;
		};
		0149AFB52915A80A009D512F /* Build configuration list for PBXNativeTarget "masComponentesGraficosUITests" */ = {
			isa = XCConfigurationList;
			buildConfigurations = (
				0149AFB62915A80A009D512F /* Debug */,
				0149AFB72915A80A009D512F /* Release */,
			);
			defaultConfigurationIsVisible = 0;
			defaultConfigurationName = Release;
		};
/* End XCConfigurationList section */
	};
	rootObject = 0149AF7D2915A805009D512F /* Project object */;
}
